// !$*UTF8*$!
{
	archiveVersion = 1;
	classes = {
	};
	objectVersion = 48;
	objects = {

/* Begin PBXBuildFile section */
		871CDF302116F151001984BF /* OfficialMenu.swift in Sources */ = {isa = PBXBuildFile; fileRef = 871CDF2F2116F151001984BF /* OfficialMenu.swift */; };
		873D85A3210F0D150073A33A /* Marguaritas.ttf in Resources */ = {isa = PBXBuildFile; fileRef = 873D85A2210F0D150073A33A /* Marguaritas.ttf */; };
		873D85A7210F1F9B0073A33A /* Prisma.ttf in Resources */ = {isa = PBXBuildFile; fileRef = 873D85A6210F1F9B0073A33A /* Prisma.ttf */; };
		873D85AB210F21840073A33A /* LoginScreen.swift in Sources */ = {isa = PBXBuildFile; fileRef = 873D85AA210F21840073A33A /* LoginScreen.swift */; };
		87BBC108210DFAB70005A5F8 /* AppDelegate.swift in Sources */ = {isa = PBXBuildFile; fileRef = 87BBC107210DFAB70005A5F8 /* AppDelegate.swift */; };
		87BBC10A210DFAB70005A5F8 /* ViewController.swift in Sources */ = {isa = PBXBuildFile; fileRef = 87BBC109210DFAB70005A5F8 /* ViewController.swift */; };
		87BBC10D210DFAB70005A5F8 /* Main.storyboard in Resources */ = {isa = PBXBuildFile; fileRef = 87BBC10B210DFAB70005A5F8 /* Main.storyboard */; };
		87BBC10F210DFAB70005A5F8 /* Assets.xcassets in Resources */ = {isa = PBXBuildFile; fileRef = 87BBC10E210DFAB70005A5F8 /* Assets.xcassets */; };
		87BBC112210DFAB70005A5F8 /* LaunchScreen.storyboard in Resources */ = {isa = PBXBuildFile; fileRef = 87BBC110210DFAB70005A5F8 /* LaunchScreen.storyboard */; };
		87EA42B42113450D00622186 /* PageViewController.swift in Sources */ = {isa = PBXBuildFile; fileRef = 87EA42B32113450D00622186 /* PageViewController.swift */; };
		87EA42B62113584800622186 /* MenuViewController.swift in Sources */ = {isa = PBXBuildFile; fileRef = 87EA42B52113584800622186 /* MenuViewController.swift */; };
/* End PBXBuildFile section */

/* Begin PBXFileReference section */
		871CDF2F2116F151001984BF /* OfficialMenu.swift */ = {isa = PBXFileReference; lastKnownFileType = sourcecode.swift; path = OfficialMenu.swift; sourceTree = "<group>"; };
		873D85A2210F0D150073A33A /* Marguaritas.ttf */ = {isa = PBXFileReference; lastKnownFileType = file; name = Marguaritas.ttf; path = ../../../Sketch/marguaritas/Marguaritas.ttf; sourceTree = "<group>"; };
		873D85A6210F1F9B0073A33A /* Prisma.ttf */ = {isa = PBXFileReference; lastKnownFileType = file; name = Prisma.ttf; path = ../../../../Downloads/prisma/Prisma.ttf; sourceTree = "<group>"; };
		873D85AA210F21840073A33A /* LoginScreen.swift */ = {isa = PBXFileReference; lastKnownFileType = sourcecode.swift; path = LoginScreen.swift; sourceTree = "<group>"; };
		87BBC104210DFAB70005A5F8 /* Frizz.app */ = {isa = PBXFileReference; explicitFileType = wrapper.application; includeInIndex = 0; path = Frizz.app; sourceTree = BUILT_PRODUCTS_DIR; };
		87BBC107210DFAB70005A5F8 /* AppDelegate.swift */ = {isa = PBXFileReference; lastKnownFileType = sourcecode.swift; path = AppDelegate.swift; sourceTree = "<group>"; };
		87BBC109210DFAB70005A5F8 /* ViewController.swift */ = {isa = PBXFileReference; lastKnownFileType = sourcecode.swift; path = ViewController.swift; sourceTree = "<group>"; };
		87BBC10C210DFAB70005A5F8 /* Base */ = {isa = PBXFileReference; lastKnownFileType = file.storyboard; name = Base; path = Base.lproj/Main.storyboard; sourceTree = "<group>"; };
		87BBC10E210DFAB70005A5F8 /* Assets.xcassets */ = {isa = PBXFileReference; lastKnownFileType = folder.assetcatalog; path = Assets.xcassets; sourceTree = "<group>"; };
		87BBC111210DFAB70005A5F8 /* Base */ = {isa = PBXFileReference; lastKnownFileType = file.storyboard; name = Base; path = Base.lproj/LaunchScreen.storyboard; sourceTree = "<group>"; };
		87BBC113210DFAB70005A5F8 /* Info.plist */ = {isa = PBXFileReference; lastKnownFileType = text.plist.xml; path = Info.plist; sourceTree = "<group>"; };
		87EA42B32113450D00622186 /* PageViewController.swift */ = {isa = PBXFileReference; lastKnownFileType = sourcecode.swift; path = PageViewController.swift; sourceTree = "<group>"; };
		87EA42B52113584800622186 /* MenuViewController.swift */ = {isa = PBXFileReference; lastKnownFileType = sourcecode.swift; path = MenuViewController.swift; sourceTree = "<group>"; };
/* End PBXFileReference section */

/* Begin PBXFrameworksBuildPhase section */
		87BBC101210DFAB70005A5F8 /* Frameworks */ = {
			isa = PBXFrameworksBuildPhase;
			buildActionMask = 2147483647;
			files = (
			);
			runOnlyForDeploymentPostprocessing = 0;
		};
/* End PBXFrameworksBuildPhase section */

/* Begin PBXGroup section */
		87BBC0FB210DFAB70005A5F8 = {
			isa = PBXGroup;
			children = (
				87BBC106210DFAB70005A5F8 /* Frizz */,
				87BBC105210DFAB70005A5F8 /* Products */,
			);
			sourceTree = "<group>";
		};
		87BBC105210DFAB70005A5F8 /* Products */ = {
			isa = PBXGroup;
			children = (
				87BBC104210DFAB70005A5F8 /* Frizz.app */,
			);
			name = Products;
			sourceTree = "<group>";
		};
		87BBC106210DFAB70005A5F8 /* Frizz */ = {
			isa = PBXGroup;
			children = (
				87BBC107210DFAB70005A5F8 /* AppDelegate.swift */,
				87BBC109210DFAB70005A5F8 /* ViewController.swift */,
				873D85AA210F21840073A33A /* LoginScreen.swift */,
				87EA42B32113450D00622186 /* PageViewController.swift */,
				87EA42B52113584800622186 /* MenuViewController.swift */,
				871CDF2F2116F151001984BF /* OfficialMenu.swift */,
				873D85A6210F1F9B0073A33A /* Prisma.ttf */,
				873D85A2210F0D150073A33A /* Marguaritas.ttf */,
				87BBC10E210DFAB70005A5F8 /* Assets.xcassets */,
				87BBC10B210DFAB70005A5F8 /* Main.storyboard */,
				87BBC110210DFAB70005A5F8 /* LaunchScreen.storyboard */,
				87BBC113210DFAB70005A5F8 /* Info.plist */,
			);
			path = Frizz;
			sourceTree = "<group>";
		};
/* End PBXGroup section */

/* Begin PBXNativeTarget section */
		87BBC103210DFAB70005A5F8 /* Frizz */ = {
			isa = PBXNativeTarget;
			buildConfigurationList = 87BBC116210DFAB70005A5F8 /* Build configuration list for PBXNativeTarget "Frizz" */;
			buildPhases = (
				87BBC100210DFAB70005A5F8 /* Sources */,
				87BBC101210DFAB70005A5F8 /* Frameworks */,
				87BBC102210DFAB70005A5F8 /* Resources */,
			);
			buildRules = (
			);
			dependencies = (
			);
			name = Frizz;
			productName = Frizz;
			productReference = 87BBC104210DFAB70005A5F8 /* Frizz.app */;
			productType = "com.apple.product-type.application";
		};
/* End PBXNativeTarget section */

/* Begin PBXProject section */
		87BBC0FC210DFAB70005A5F8 /* Project object */ = {
			isa = PBXProject;
			attributes = {
				LastSwiftUpdateCheck = 0920;
				LastUpgradeCheck = 0940;
				ORGANIZATIONNAME = "Building Something Cool";
				TargetAttributes = {
					87BBC103210DFAB70005A5F8 = {
						CreatedOnToolsVersion = 9.2;
						ProvisioningStyle = Automatic;
					};
				};
			};
			buildConfigurationList = 87BBC0FF210DFAB70005A5F8 /* Build configuration list for PBXProject "Frizz" */;
			compatibilityVersion = "Xcode 8.0";
			developmentRegion = en;
			hasScannedForEncodings = 0;
			knownRegions = (
				en,
				Base,
			);
			mainGroup = 87BBC0FB210DFAB70005A5F8;
			productRefGroup = 87BBC105210DFAB70005A5F8 /* Products */;
			projectDirPath = "";
			projectRoot = "";
			targets = (
				87BBC103210DFAB70005A5F8 /* Frizz */,
			);
		};
/* End PBXProject section */

/* Begin PBXResourcesBuildPhase section */
		87BBC102210DFAB70005A5F8 /* Resources */ = {
			isa = PBXResourcesBuildPhase;
			buildActionMask = 2147483647;
			files = (
				873D85A3210F0D150073A33A /* Marguaritas.ttf in Resources */,
				87BBC112210DFAB70005A5F8 /* LaunchScreen.storyboard in Resources */,
				87BBC10F210DFAB70005A5F8 /* Assets.xcassets in Resources */,
				87BBC10D210DFAB70005A5F8 /* Main.storyboard in Resources */,
				873D85A7210F1F9B0073A33A /* Prisma.ttf in Resources */,
			);
			runOnlyForDeploymentPostprocessing = 0;
		};
/* End PBXResourcesBuildPhase section */

/* Begin PBXSourcesBuildPhase section */
		87BBC100210DFAB70005A5F8 /* Sources */ = {
			isa = PBXSourcesBuildPhase;
			buildActionMask = 2147483647;
			files = (
				87BBC10A210DFAB70005A5F8 /* ViewController.swift in Sources */,
				87EA42B62113584800622186 /* MenuViewController.swift in Sources */,
				87BBC108210DFAB70005A5F8 /* AppDelegate.swift in Sources */,
				873D85AB210F21840073A33A /* LoginScreen.swift in Sources */,
				87EA42B42113450D00622186 /* PageViewController.swift in Sources */,
				871CDF302116F151001984BF /* OfficialMenu.swift in Sources */,
			);
			runOnlyForDeploymentPostprocessing = 0;
		};
/* End PBXSourcesBuildPhase section */

/* Begin PBXVariantGroup section */
		87BBC10B210DFAB70005A5F8 /* Main.storyboard */ = {
			isa = PBXVariantGroup;
			children = (
				87BBC10C210DFAB70005A5F8 /* Base */,
			);
			name = Main.storyboard;
			sourceTree = "<group>";
		};
		87BBC110210DFAB70005A5F8 /* LaunchScreen.storyboard */ = {
			isa = PBXVariantGroup;
			children = (
				87BBC111210DFAB70005A5F8 /* Base */,
			);
			name = LaunchScreen.storyboard;
			sourceTree = "<group>";
		};
/* End PBXVariantGroup section */

/* Begin XCBuildConfiguration section */
		87BBC114210DFAB70005A5F8 /* Debug */ = {
			isa = XCBuildConfiguration;
			buildSettings = {
				ALWAYS_SEARCH_USER_PATHS = NO;
				CLANG_ANALYZER_NONNULL = YES;
				CLANG_ANALYZER_NUMBER_OBJECT_CONVERSION = YES_AGGRESSIVE;
				CLANG_CXX_LANGUAGE_STANDARD = "gnu++14";
				CLANG_CXX_LIBRARY = "libc++";
				CLANG_ENABLE_MODULES = YES;
				CLANG_ENABLE_OBJC_ARC = YES;
				CLANG_WARN_BLOCK_CAPTURE_AUTORELEASING = YES;
				CLANG_WARN_BOOL_CONVERSION = YES;
				CLANG_WARN_COMMA = YES;
				CLANG_WARN_CONSTANT_CONVERSION = YES;
				CLANG_WARN_DEPRECATED_OBJC_IMPLEMENTATIONS = YES;
				CLANG_WARN_DIRECT_OBJC_ISA_USAGE = YES_ERROR;
				CLANG_WARN_DOCUMENTATION_COMMENTS = YES;
				CLANG_WARN_EMPTY_BODY = YES;
				CLANG_WARN_ENUM_CONVERSION = YES;
				CLANG_WARN_INFINITE_RECURSION = YES;
				CLANG_WARN_INT_CONVERSION = YES;
				CLANG_WARN_NON_LITERAL_NULL_CONVERSION = YES;
				CLANG_WARN_OBJC_IMPLICIT_RETAIN_SELF = YES;
				CLANG_WARN_OBJC_LITERAL_CONVERSION = YES;
				CLANG_WARN_OBJC_ROOT_CLASS = YES_ERROR;
				CLANG_WARN_RANGE_LOOP_ANALYSIS = YES;
				CLANG_WARN_STRICT_PROTOTYPES = YES;
				CLANG_WARN_SUSPICIOUS_MOVE = YES;
				CLANG_WARN_UNGUARDED_AVAILABILITY = YES_AGGRESSIVE;
				CLANG_WARN_UNREACHABLE_CODE = YES;
				CLANG_WARN__DUPLICATE_METHOD_MATCH = YES;
				CODE_SIGN_IDENTITY = "iPhone Developer";
				COPY_PHASE_STRIP = NO;
				DEBUG_INFORMATION_FORMAT = dwarf;
				ENABLE_STRICT_OBJC_MSGSEND = YES;
				ENABLE_TESTABILITY = YES;
				GCC_C_LANGUAGE_STANDARD = gnu11;
				GCC_DYNAMIC_NO_PIC = NO;
				GCC_NO_COMMON_BLOCKS = YES;
				GCC_OPTIMIZATION_LEVEL = 0;
				GCC_PREPROCESSOR_DEFINITIONS = (
					"DEBUG=1",
					"$(inherited)",
				);
				GCC_WARN_64_TO_32_BIT_CONVERSION = YES;
				GCC_WARN_ABOUT_RETURN_TYPE = YES_ERROR;
				GCC_WARN_UNDECLARED_SELECTOR = YES;
				GCC_WARN_UNINITIALIZED_AUTOS = YES_AGGRESSIVE;
				GCC_WARN_UNUSED_FUNCTION = YES;
				GCC_WARN_UNUSED_VARIABLE = YES;
				IPHONEOS_DEPLOYMENT_TARGET = 11.2;
				MTL_ENABLE_DEBUG_INFO = YES;
				ONLY_ACTIVE_ARCH = YES;
				SDKROOT = iphoneos;
				SWIFT_ACTIVE_COMPILATION_CONDITIONS = DEBUG;
				SWIFT_OPTIMIZATION_LEVEL = "-Onone";
			};
			name = Debug;
		};
		87BBC115210DFAB70005A5F8 /* Release */ = {
			isa = XCBuildConfiguration;
			buildSettings = {
				ALWAYS_SEARCH_USER_PATHS = NO;
				CLANG_ANALYZER_NONNULL = YES;
				CLANG_ANALYZER_NUMBER_OBJECT_CONVERSION = YES_AGGRESSIVE;
				CLANG_CXX_LANGUAGE_STANDARD = "gnu++14";
				CLANG_CXX_LIBRARY = "libc++";
				CLANG_ENABLE_MODULES = YES;
				CLANG_ENABLE_OBJC_ARC = YES;
				CLANG_WARN_BLOCK_CAPTURE_AUTORELEASING = YES;
				CLANG_WARN_BOOL_CONVERSION = YES;
				CLANG_WARN_COMMA = YES;
				CLANG_WARN_CONSTANT_CONVERSION = YES;
				CLANG_WARN_DEPRECATED_OBJC_IMPLEMENTATIONS = YES;
				CLANG_WARN_DIRECT_OBJC_ISA_USAGE = YES_ERROR;
				CLANG_WARN_DOCUMENTATION_COMMENTS = YES;
				CLANG_WARN_EMPTY_BODY = YES;
				CLANG_WARN_ENUM_CONVERSION = YES;
				CLANG_WARN_INFINITE_RECURSION = YES;
				CLANG_WARN_INT_CONVERSION = YES;
				CLANG_WARN_NON_LITERAL_NULL_CONVERSION = YES;
				CLANG_WARN_OBJC_IMPLICIT_RETAIN_SELF = YES;
				CLANG_WARN_OBJC_LITERAL_CONVERSION = YES;
				CLANG_WARN_OBJC_ROOT_CLASS = YES_ERROR;
				CLANG_WARN_RANGE_LOOP_ANALYSIS = YES;
				CLANG_WARN_STRICT_PROTOTYPES = YES;
				CLANG_WARN_SUSPICIOUS_MOVE = YES;
				CLANG_WARN_UNGUARDED_AVAILABILITY = YES_AGGRESSIVE;
				CLANG_WARN_UNREACHABLE_CODE = YES;
				CLANG_WARN__DUPLICATE_METHOD_MATCH = YES;
				CODE_SIGN_IDENTITY = "iPhone Developer";
				COPY_PHASE_STRIP = NO;
				DEBUG_INFORMATION_FORMAT = "dwarf-with-dsym";
				ENABLE_NS_ASSERTIONS = NO;
				ENABLE_STRICT_OBJC_MSGSEND = YES;
				GCC_C_LANGUAGE_STANDARD = gnu11;
				GCC_NO_COMMON_BLOCKS = YES;
				GCC_WARN_64_TO_32_BIT_CONVERSION = YES;
				GCC_WARN_ABOUT_RETURN_TYPE = YES_ERROR;
				GCC_WARN_UNDECLARED_SELECTOR = YES;
				GCC_WARN_UNINITIALIZED_AUTOS = YES_AGGRESSIVE;
				GCC_WARN_UNUSED_FUNCTION = YES;
				GCC_WARN_UNUSED_VARIABLE = YES;
				IPHONEOS_DEPLOYMENT_TARGET = 11.2;
				MTL_ENABLE_DEBUG_INFO = NO;
				SDKROOT = iphoneos;
				SWIFT_OPTIMIZATION_LEVEL = "-Owholemodule";
				VALIDATE_PRODUCT = YES;
			};
			name = Release;
		};
		87BBC117210DFAB70005A5F8 /* Debug */ = {
			isa = XCBuildConfiguration;
			buildSettings = {
				ASSETCATALOG_COMPILER_APPICON_NAME = AppIcon;
				"CODE_SIGN_IDENTITY[sdk=iphoneos*]" = "iPhone Developer";
				CODE_SIGN_STYLE = Automatic;
				DEVELOPMENT_TEAM = 9UXG6UTV55;
				INFOPLIST_FILE = Frizz/Info.plist;
				LD_RUNPATH_SEARCH_PATHS = "$(inherited) @executable_path/Frameworks";
				PRODUCT_BUNDLE_IDENTIFIER = Omar.Frizz;
				PRODUCT_NAME = "$(TARGET_NAME)";
				PROVISIONING_PROFILE_SPECIFIER = "";
				SWIFT_VERSION = 4.0;
				TARGETED_DEVICE_FAMILY = "1,2";
			};
			name = Debug;
		};
		87BBC118210DFAB70005A5F8 /* Release */ = {
			isa = XCBuildConfiguration;
			buildSettings = {
				ASSETCATALOG_COMPILER_APPICON_NAME = AppIcon;
				"CODE_SIGN_IDENTITY[sdk=iphoneos*]" = "iPhone Developer";
				CODE_SIGN_STYLE = Automatic;
				DEVELOPMENT_TEAM = 9UXG6UTV55;
				INFOPLIST_FILE = Frizz/Info.plist;
				LD_RUNPATH_SEARCH_PATHS = "$(inherited) @executable_path/Frameworks";
				PRODUCT_BUNDLE_IDENTIFIER = Omar.Frizz;
				PRODUCT_NAME = "$(TARGET_NAME)";
				PROVISIONING_PROFILE_SPECIFIER = "";
				SWIFT_VERSION = 4.0;
				TARGETED_DEVICE_FAMILY = "1,2";
			};
			name = Release;
		};
/* End XCBuildConfiguration section */

/* Begin XCConfigurationList section */
		87BBC0FF210DFAB70005A5F8 /* Build configuration list for PBXProject "Frizz" */ = {
			isa = XCConfigurationList;
			buildConfigurations = (
				87BBC114210DFAB70005A5F8 /* Debug */,
				87BBC115210DFAB70005A5F8 /* Release */,
			);
			defaultConfigurationIsVisible = 0;
			defaultConfigurationName = Release;
		};
		87BBC116210DFAB70005A5F8 /* Build configuration list for PBXNativeTarget "Frizz" */ = {
			isa = XCConfigurationList;
			buildConfigurations = (
				87BBC117210DFAB70005A5F8 /* Debug */,
				87BBC118210DFAB70005A5F8 /* Release */,
			);
			defaultConfigurationIsVisible = 0;
			defaultConfigurationName = Release;
		};
/* End XCConfigurationList section */
	};
	rootObject = 87BBC0FC210DFAB70005A5F8 /* Project object */;
}
